Microsoft Visual Studio Solution File, Format Version 11.00
# Visual Studio 2008

Project("{445E3DCD-1A5F-F75C-7F1F-97175DD0F293}") = "ProtoTwo", "Assembly-CSharp-vs.csproj", "{CA9EF441-C8F4-E23A-FFC0-4E27E915276B}"
EndProject
Project("{445E3DCD-1A5F-F75C-7F1F-97175DD0F293}") = "ProtoTwo", "Assembly-CSharp-Editor-vs.csproj", "{9A746FEC-833D-49B4-05A2-611724BEF414}"
EndProject
Global
	GlobalSection(SolutionConfigurationPlatforms) = preSolution
		Debug|Any CPU = Debug|Any CPU
		Release|Any CPU = Release|Any CPU
	EndGlobalSection
	GlobalSection(ProjectConfigurationPlatforms) = postSolution
		{CA9EF441-C8F4-E23A-FFC0-4E27E915276B}.Debug|Any CPU.ActiveCfg = Debug|Any CPU
		{CA9EF441-C8F4-E23A-FFC0-4E27E915276B}.Debug|Any CPU.Build.0 = Debug|Any CPU
		{CA9EF441-C8F4-E23A-FFC0-4E27E915276B}.Release|Any CPU.ActiveCfg = Release|Any CPU
		{CA9EF441-C8F4-E23A-FFC0-4E27E915276B}.Release|Any CPU.Build.0 = Release|Any CPU
		{9A746FEC-833D-49B4-05A2-611724BEF414}.Debug|Any CPU.ActiveCfg = Debug|Any CPU
		{9A746FEC-833D-49B4-05A2-611724BEF414}.Debug|Any CPU.Build.0 = Debug|Any CPU
		{9A746FEC-833D-49B4-05A2-611724BEF414}.Release|Any CPU.ActiveCfg = Release|Any CPU
		{9A746FEC-833D-49B4-05A2-611724BEF414}.Release|Any CPU.Build.0 = Release|Any CPU
	EndGlobalSection
	GlobalSection(SolutionProperties) = preSolution
		HideSolutionNode = FALSE
	EndGlobalSection
																															GlobalSection(MonoDevelopProperties) = preSolution
		StartupItem = Assembly-CSharp.csproj
		Policies = $0
		$0.TextStylePolicy = $1
		$1.inheritsSet = null
		$1.scope = text/x-csharp
		$0.CSharpFormattingPolicy = $2
		$2.inheritsSet = Mono
		$2.inheritsScope = text/x-csharp
		$2.scope = text/x-csharp
		$0.TextStylePolicy = $3
		$3.FileWidth = 120
		$3.TabWidth = 4
		$3.IndentWidth = 4
		$3.EolMarker = Unix
		$3.inheritsSet = Mono
		$3.inheritsScope = text/plain
		$3.scope = text/plain
	EndGlobalSection

EndGlobal
